// !$*UTF8*$!
{
	archiveVersion = 1;
	classes = {
	};
	objectVersion = 77;
	objects = {

/* Begin PBXBuildFile section */
		A9AF60EF2CC6F5520015B62A /* FirebaseCore in Frameworks */ = {isa = PBXBuildFile; productRef = A9AF60EE2CC6F5520015B62A /* FirebaseCore */; };
		A9AF60F12CC6F5570015B62A /* FirebaseAuth in Frameworks */ = {isa = PBXBuildFile; productRef = A9AF60F02CC6F5570015B62A /* FirebaseAuth */; };
		A9AF60F32CC6F56D0015B62A /* FirebaseDatabase in Frameworks */ = {isa = PBXBuildFile; productRef = A9AF60F22CC6F56D0015B62A /* FirebaseDatabase */; };
		A9AF60F52CC6F56D0015B62A /* FirebaseFunctions in Frameworks */ = {isa = PBXBuildFile; productRef = A9AF60F42CC6F56D0015B62A /* FirebaseFunctions */; };
		A9AF60F72CC6F56D0015B62A /* FirebaseMessaging in Frameworks */ = {isa = PBXBuildFile; productRef = A9AF60F62CC6F56D0015B62A /* FirebaseMessaging */; };
		A9AF60F92CC6F56D0015B62A /* FirebaseStorage in Frameworks */ = {isa = PBXBuildFile; productRef = A9AF60F82CC6F56D0015B62A /* FirebaseStorage */; };
		A9AF60FB2CC6F5780015B62A /* FirebaseInstallations in Frameworks */ = {isa = PBXBuildFile; productRef = A9AF60FA2CC6F5780015B62A /* FirebaseInstallations */; };
		A9AF60FD2CC6F5780015B62A /* FirebaseRemoteConfig in Frameworks */ = {isa = PBXBuildFile; productRef = A9AF60FC2CC6F5780015B62A /* FirebaseRemoteConfig */; };
/* End PBXBuildFile section */

/* Begin PBXFileReference section */
		A9AF60D02CC6F3880015B62A /* atehere.app */ = {isa = PBXFileReference; explicitFileType = wrapper.application; includeInIndex = 0; path = atehere.app; sourceTree = BUILT_PRODUCTS_DIR; };
/* End PBXFileReference section */

/* Begin PBXFileSystemSynchronizedBuildFileExceptionSet section */
		A97EED6C2CEE61C40066AAFE /* Exceptions for "atehere" folder in "atehere" target */ = {
			isa = PBXFileSystemSynchronizedBuildFileExceptionSet;
			membershipExceptions = (
				Info.plist,
			);
			target = A9AF60CF2CC6F3880015B62A /* atehere */;
		};
/* End PBXFileSystemSynchronizedBuildFileExceptionSet section */

/* Begin PBXFileSystemSynchronizedRootGroup section */
		A9AF60D22CC6F3880015B62A /* atehere */ = {
			isa = PBXFileSystemSynchronizedRootGroup;
			exceptions = (
				A97EED6C2CEE61C40066AAFE /* Exceptions for "atehere" folder in "atehere" target */,
			);
			path = atehere;
			sourceTree = "<group>";
		};
/* End PBXFileSystemSynchronizedRootGroup section */

/* Begin PBXFrameworksBuildPhase section */
		A9AF60CD2CC6F3880015B62A /* Frameworks */ = {
			isa = PBXFrameworksBuildPhase;
			buildActionMask = 2147483647;
			files = (
				A9AF60F32CC6F56D0015B62A /* FirebaseDatabase in Frameworks */,
				A9AF60FB2CC6F5780015B62A /* FirebaseInstallations in Frameworks */,
				A9AF60EF2CC6F5520015B62A /* FirebaseCore in Frameworks */,
				A9AF60F72CC6F56D0015B62A /* FirebaseMessaging in Frameworks */,
				A9AF60F12CC6F5570015B62A /* FirebaseAuth in Frameworks */,
				A9AF60F52CC6F56D0015B62A /* FirebaseFunctions in Frameworks */,
				A9AF60F92CC6F56D0015B62A /* FirebaseStorage in Frameworks */,
				A9AF60FD2CC6F5780015B62A /* FirebaseRemoteConfig in Frameworks */,
			);
			runOnlyForDeploymentPostprocessing = 0;
		};
/* End PBXFrameworksBuildPhase section */

/* Begin PBXGroup section */
		A9AF60C72CC6F3880015B62A = {
			isa = PBXGroup;
			children = (
				A9AF60D22CC6F3880015B62A /* atehere */,
				A9AF60ED2CC6F5520015B62A /* Frameworks */,
				A9AF60D12CC6F3880015B62A /* Products */,
			);
			sourceTree = "<group>";
		};
		A9AF60D12CC6F3880015B62A /* Products */ = {
			isa = PBXGroup;
			children = (
				A9AF60D02CC6F3880015B62A /* atehere.app */,
			);
			name = Products;
			sourceTree = "<group>";
		};
		A9AF60ED2CC6F5520015B62A /* Frameworks */ = {
			isa = PBXGroup;
			children = (
			);
			name = Frameworks;
			sourceTree = "<group>";
		};
/* End PBXGroup section */

/* Begin PBXNativeTarget section */
		A9AF60CF2CC6F3880015B62A /* atehere */ = {
			isa = PBXNativeTarget;
			buildConfigurationList = A9AF60DE2CC6F3890015B62A /* Build configuration list for PBXNativeTarget "atehere" */;
			buildPhases = (
				A9AF60CC2CC6F3880015B62A /* Sources */,
				A9AF60CD2CC6F3880015B62A /* Frameworks */,
				A9AF60CE2CC6F3880015B62A /* Resources */,
			);
			buildRules = (
			);
			dependencies = (
			);
			fileSystemSynchronizedGroups = (
				A9AF60D22CC6F3880015B62A /* atehere */,
			);
			name = atehere;
			packageProductDependencies = (
				A9AF60EE2CC6F5520015B62A /* FirebaseCore */,
				A9AF60F02CC6F5570015B62A /* FirebaseAuth */,
				A9AF60F22CC6F56D0015B62A /* FirebaseDatabase */,
				A9AF60F42CC6F56D0015B62A /* FirebaseFunctions */,
				A9AF60F62CC6F56D0015B62A /* FirebaseMessaging */,
				A9AF60F82CC6F56D0015B62A /* FirebaseStorage */,
				A9AF60FA2CC6F5780015B62A /* FirebaseInstallations */,
				A9AF60FC2CC6F5780015B62A /* FirebaseRemoteConfig */,
			);
			productName = atehere;
			productReference = A9AF60D02CC6F3880015B62A /* atehere.app */;
			productType = "com.apple.product-type.application";
		};
/* End PBXNativeTarget section */

/* Begin PBXProject section */
		A9AF60C82CC6F3880015B62A /* Project object */ = {
			isa = PBXProject;
			attributes = {
				BuildIndependentTargetsInParallel = 1;
				LastSwiftUpdateCheck = 1600;
				LastUpgradeCheck = 1600;
				TargetAttributes = {
					A9AF60CF2CC6F3880015B62A = {
						CreatedOnToolsVersion = 16.0;
					};
				};
			};
			buildConfigurationList = A9AF60CB2CC6F3880015B62A /* Build configuration list for PBXProject "atehere" */;
			developmentRegion = en;
			hasScannedForEncodings = 0;
			knownRegions = (
				en,
				Base,
			);
			mainGroup = A9AF60C72CC6F3880015B62A;
			minimizedProjectReferenceProxies = 1;
			packageReferences = (
				A9AF60EC2CC6F5440015B62A /* XCRemoteSwiftPackageReference "firebase-ios-sdk" */,
			);
			preferredProjectObjectVersion = 77;
			productRefGroup = A9AF60D12CC6F3880015B62A /* Products */;
			projectDirPath = "";
			projectRoot = "";
			targets = (
				A9AF60CF2CC6F3880015B62A /* atehere */,
			);
		};
/* End PBXProject section */

/* Begin PBXResourcesBuildPhase section */
		A9AF60CE2CC6F3880015B62A /* Resources */ = {
			isa = PBXResourcesBuildPhase;
			buildActionMask = 2147483647;
			files = (
			);
			runOnlyForDeploymentPostprocessing = 0;
		};
/* End PBXResourcesBuildPhase section */

/* Begin PBXSourcesBuildPhase section */
		A9AF60CC2CC6F3880015B62A /* Sources */ = {
			isa = PBXSourcesBuildPhase;
			buildActionMask = 2147483647;
			files = (
			);
			runOnlyForDeploymentPostprocessing = 0;
		};
/* End PBXSourcesBuildPhase section */

/* Begin XCBuildConfiguration section */
		A9AF60DC2CC6F3890015B62A /* Debug */ = {
			isa = XCBuildConfiguration;
			buildSettings = {
				ALWAYS_SEARCH_USER_PATHS = NO;
				ASSETCATALOG_COMPILER_GENERATE_SWIFT_ASSET_SYMBOL_EXTENSIONS = YES;
				CLANG_ANALYZER_NONNULL = YES;
				CLANG_ANALYZER_NUMBER_OBJECT_CONVERSION = YES_AGGRESSIVE;
				CLANG_CXX_LANGUAGE_STANDARD = "gnu++20";
				CLANG_ENABLE_MODULES = YES;
				CLANG_ENABLE_OBJC_ARC = YES;
				CLANG_ENABLE_OBJC_WEAK = YES;
				CLANG_WARN_BLOCK_CAPTURE_AUTORELEASING = YES;
				CLANG_WARN_BOOL_CONVERSION = YES;
				CLANG_WARN_COMMA = YES;
				CLANG_WARN_CONSTANT_CONVERSION = YES;
				CLANG_WARN_DEPRECATED_OBJC_IMPLEMENTATIONS = YES;
				CLANG_WARN_DIRECT_OBJC_ISA_USAGE = YES_ERROR;
				CLANG_WARN_DOCUMENTATION_COMMENTS = YES;
				CLANG_WARN_EMPTY_BODY = YES;
				CLANG_WARN_ENUM_CONVERSION = YES;
				CLANG_WARN_INFINITE_RECURSION = YES;
				CLANG_WARN_INT_CONVERSION = YES;
				CLANG_WARN_NON_LITERAL_NULL_CONVERSION = YES;
				CLANG_WARN_OBJC_IMPLICIT_RETAIN_SELF = YES;
				CLANG_WARN_OBJC_LITERAL_CONVERSION = YES;
				CLANG_WARN_OBJC_ROOT_CLASS = YES_ERROR;
				CLANG_WARN_QUOTED_INCLUDE_IN_FRAMEWORK_HEADER = YES;
				CLANG_WARN_RANGE_LOOP_ANALYSIS = YES;
				CLANG_WARN_STRICT_PROTOTYPES = YES;
				CLANG_WARN_SUSPICIOUS_MOVE = YES;
				CLANG_WARN_UNGUARDED_AVAILABILITY = YES_AGGRESSIVE;
				CLANG_WARN_UNREACHABLE_CODE = YES;
				CLANG_WARN__DUPLICATE_METHOD_MATCH = YES;
				COPY_PHASE_STRIP = NO;
				DEBUG_INFORMATION_FORMAT = dwarf;
				ENABLE_STRICT_OBJC_MSGSEND = YES;
				ENABLE_TESTABILITY = YES;
				ENABLE_USER_SCRIPT_SANDBOXING = YES;
				GCC_C_LANGUAGE_STANDARD = gnu17;
				GCC_DYNAMIC_NO_PIC = NO;
				GCC_NO_COMMON_BLOCKS = YES;
				GCC_OPTIMIZATION_LEVEL = 0;
				GCC_PREPROCESSOR_DEFINITIONS = (
					"DEBUG=1",
					"$(inherited)",
				);
				GCC_WARN_64_TO_32_BIT_CONVERSION = YES;
				GCC_WARN_ABOUT_RETURN_TYPE = YES_ERROR;
				GCC_WARN_UNDECLARED_SELECTOR = YES;
				GCC_WARN_UNINITIALIZED_AUTOS = YES_AGGRESSIVE;
				GCC_WARN_UNUSED_FUNCTION = YES;
				GCC_WARN_UNUSED_VARIABLE = YES;
				IPHONEOS_DEPLOYMENT_TARGET = 18.0;
				LOCALIZATION_PREFERS_STRING_CATALOGS = YES;
				MTL_ENABLE_DEBUG_INFO = INCLUDE_SOURCE;
				MTL_FAST_MATH = YES;
				ONLY_ACTIVE_ARCH = YES;
				SDKROOT = iphoneos;
				SWIFT_ACTIVE_COMPILATION_CONDITIONS = "DEBUG $(inherited)";
				SWIFT_OPTIMIZATION_LEVEL = "-Onone";
			};
			name = Debug;
		};
		A9AF60DD2CC6F3890015B62A /* Release */ = {
			isa = XCBuildConfiguration;
			buildSettings = {
				ALWAYS_SEARCH_USER_PATHS = NO;
				ASSETCATALOG_COMPILER_GENERATE_SWIFT_ASSET_SYMBOL_EXTENSIONS = YES;
				CLANG_ANALYZER_NONNULL = YES;
				CLANG_ANALYZER_NUMBER_OBJECT_CONVERSION = YES_AGGRESSIVE;
				CLANG_CXX_LANGUAGE_STANDARD = "gnu++20";
				CLANG_ENABLE_MODULES = YES;
				CLANG_ENABLE_OBJC_ARC = YES;
				CLANG_ENABLE_OBJC_WEAK = YES;
				CLANG_WARN_BLOCK_CAPTURE_AUTORELEASING = YES;
				CLANG_WARN_BOOL_CONVERSION = YES;
				CLANG_WARN_COMMA = YES;
				CLANG_WARN_CONSTANT_CONVERSION = YES;
				CLANG_WARN_DEPRECATED_OBJC_IMPLEMENTATIONS = YES;
				CLANG_WARN_DIRECT_OBJC_ISA_USAGE = YES_ERROR;
				CLANG_WARN_DOCUMENTATION_COMMENTS = YES;
				CLANG_WARN_EMPTY_BODY = YES;
				CLANG_WARN_ENUM_CONVERSION = YES;
				CLANG_WARN_INFINITE_RECURSION = YES;
				CLANG_WARN_INT_CONVERSION = YES;
				CLANG_WARN_NON_LITERAL_NULL_CONVERSION = YES;
				CLANG_WARN_OBJC_IMPLICIT_RETAIN_SELF = YES;
				CLANG_WARN_OBJC_LITERAL_CONVERSION = YES;
				CLANG_WARN_OBJC_ROOT_CLASS = YES_ERROR;
				CLANG_WARN_QUOTED_INCLUDE_IN_FRAMEWORK_HEADER = YES;
				CLANG_WARN_RANGE_LOOP_ANALYSIS = YES;
				CLANG_WARN_STRICT_PROTOTYPES = YES;
				CLANG_WARN_SUSPICIOUS_MOVE = YES;
				CLANG_WARN_UNGUARDED_AVAILABILITY = YES_AGGRESSIVE;
				CLANG_WARN_UNREACHABLE_CODE = YES;
				CLANG_WARN__DUPLICATE_METHOD_MATCH = YES;
				COPY_PHASE_STRIP = NO;
				DEBUG_INFORMATION_FORMAT = "dwarf-with-dsym";
				ENABLE_NS_ASSERTIONS = NO;
				ENABLE_STRICT_OBJC_MSGSEND = YES;
				ENABLE_USER_SCRIPT_SANDBOXING = YES;
				GCC_C_LANGUAGE_STANDARD = gnu17;
				GCC_NO_COMMON_BLOCKS = YES;
				GCC_WARN_64_TO_32_BIT_CONVERSION = YES;
				GCC_WARN_ABOUT_RETURN_TYPE = YES_ERROR;
				GCC_WARN_UNDECLARED_SELECTOR = YES;
				GCC_WARN_UNINITIALIZED_AUTOS = YES_AGGRESSIVE;
				GCC_WARN_UNUSED_FUNCTION = YES;
				GCC_WARN_UNUSED_VARIABLE = YES;
				IPHONEOS_DEPLOYMENT_TARGET = 18.0;
				LOCALIZATION_PREFERS_STRING_CATALOGS = YES;
				MTL_ENABLE_DEBUG_INFO = NO;
				MTL_FAST_MATH = YES;
				SDKROOT = iphoneos;
				SWIFT_COMPILATION_MODE = wholemodule;
				VALIDATE_PRODUCT = YES;
			};
			name = Release;
		};
		A9AF60DF2CC6F3890015B62A /* Debug */ = {
			isa = XCBuildConfiguration;
			buildSettings = {
				ASSETCATALOG_COMPILER_APPICON_NAME = AppIcon;
				ASSETCATALOG_COMPILER_GLOBAL_ACCENT_COLOR_NAME = AccentColor;
				CODE_SIGN_STYLE = Automatic;
				CURRENT_PROJECT_VERSION = 1;
				DEVELOPMENT_ASSET_PATHS = "\"atehere/Preview Content\"";
				DEVELOPMENT_TEAM = 4N6J37WBKS;
				ENABLE_PREVIEWS = YES;
				GENERATE_INFOPLIST_FILE = YES;
				INFOPLIST_FILE = atehere/Info.plist;
				INFOPLIST_KEY_NSCameraUsageDescription = "Need access to camera for qr code scanning.";
				INFOPLIST_KEY_NSLocationWhenInUseUsageDescription = "We need your location in order to get restaurants near by you.";
				INFOPLIST_KEY_UIApplicationSceneManifest_Generation = YES;
				INFOPLIST_KEY_UIApplicationSupportsIndirectInputEvents = YES;
				INFOPLIST_KEY_UILaunchScreen_Generation = YES;
				INFOPLIST_KEY_UISupportedInterfaceOrientations_iPad = "UIInterfaceOrientationPortrait UIInterfaceOrientationPortraitUpsideDown UIInterfaceOrientationLandscapeLeft UIInterfaceOrientationLandscapeRight";
				INFOPLIST_KEY_UISupportedInterfaceOrientations_iPhone = "UIInterfaceOrientationPortrait UIInterfaceOrientationLandscapeLeft UIInterfaceOrientationLandscapeRight";
				IPHONEOS_DEPLOYMENT_TARGET = 17.6;
				LD_RUNPATH_SEARCH_PATHS = (
					"$(inherited)",
					"@executable_path/Frameworks",
				);
				MARKETING_VERSION = 1.0;
				PRODUCT_BUNDLE_IDENTIFIER = "media.dorduncuboyut.atehere-mobile-aaa";
				PRODUCT_NAME = "$(TARGET_NAME)";
				SWIFT_EMIT_LOC_STRINGS = YES;
				SWIFT_VERSION = 5.0;
				TARGETED_DEVICE_FAMILY = "1,2";
			};
			name = Debug;
		};
		A9AF60E02CC6F3890015B62A /* Release */ = {
			isa = XCBuildConfiguration;
			buildSettings = {
				ASSETCATALOG_COMPILER_APPICON_NAME = AppIcon;
				ASSETCATALOG_COMPILER_GLOBAL_ACCENT_COLOR_NAME = AccentColor;
				CODE_SIGN_STYLE = Automatic;
				CURRENT_PROJECT_VERSION = 1;
				DEVELOPMENT_ASSET_PATHS = "\"atehere/Preview Content\"";
				DEVELOPMENT_TEAM = 4N6J37WBKS;
				ENABLE_PREVIEWS = YES;
				GENERATE_INFOPLIST_FILE = YES;
				INFOPLIST_FILE = atehere/Info.plist;
				INFOPLIST_KEY_NSCameraUsageDescription = "Need access to camera for qr code scanning.";
				INFOPLIST_KEY_NSLocationWhenInUseUsageDescription = "We need your location in order to get restaurants near by you.";
				INFOPLIST_KEY_UIApplicationSceneManifest_Generation = YES;
				INFOPLIST_KEY_UIApplicationSupportsIndirectInputEvents = YES;
				INFOPLIST_KEY_UILaunchScreen_Generation = YES;
				INFOPLIST_KEY_UISupportedInterfaceOrientations_iPad = "UIInterfaceOrientationPortrait UIInterfaceOrientationPortraitUpsideDown UIInterfaceOrientationLandscapeLeft UIInterfaceOrientationLandscapeRight";
				INFOPLIST_KEY_UISupportedInterfaceOrientations_iPhone = "UIInterfaceOrientationPortrait UIInterfaceOrientationLandscapeLeft UIInterfaceOrientationLandscapeRight";
				IPHONEOS_DEPLOYMENT_TARGET = 17.6;
				LD_RUNPATH_SEARCH_PATHS = (
					"$(inherited)",
					"@executable_path/Frameworks",
				);
				MARKETING_VERSION = 1.0;
				PRODUCT_BUNDLE_IDENTIFIER = "media.dorduncuboyut.atehere-mobile-aaa";
				PRODUCT_NAME = "$(TARGET_NAME)";
				SWIFT_EMIT_LOC_STRINGS = YES;
				SWIFT_VERSION = 5.0;
				TARGETED_DEVICE_FAMILY = "1,2";
			};
			name = Release;
		};
/* End XCBuildConfiguration section */

/* Begin XCConfigurationList section */
		A9AF60CB2CC6F3880015B62A /* Build configuration list for PBXProject "atehere" */ = {
			isa = XCConfigurationList;
			buildConfigurations = (
				A9AF60DC2CC6F3890015B62A /* Debug */,
				A9AF60DD2CC6F3890015B62A /* Release */,
			);
			defaultConfigurationIsVisible = 0;
			defaultConfigurationName = Release;
		};
		A9AF60DE2CC6F3890015B62A /* Build configuration list for PBXNativeTarget "atehere" */ = {
			isa = XCConfigurationList;
			buildConfigurations = (
				A9AF60DF2CC6F3890015B62A /* Debug */,
				A9AF60E02CC6F3890015B62A /* Release */,
			);
			defaultConfigurationIsVisible = 0;
			defaultConfigurationName = Release;
		};
/* End XCConfigurationList section */

/* Begin XCRemoteSwiftPackageReference section */
		A9AF60EC2CC6F5440015B62A /* XCRemoteSwiftPackageReference "firebase-ios-sdk" */ = {
			isa = XCRemoteSwiftPackageReference;
			repositoryURL = "https://github.com/firebase/firebase-ios-sdk.git";
			requirement = {
				kind = upToNextMajorVersion;
				minimumVersion = 11.4.0;
			};
		};
/* End XCRemoteSwiftPackageReference section */

/* Begin XCSwiftPackageProductDependency section */
		A9AF60EE2CC6F5520015B62A /* FirebaseCore */ = {
			isa = XCSwiftPackageProductDependency;
			package = A9AF60EC2CC6F5440015B62A /* XCRemoteSwiftPackageReference "firebase-ios-sdk" */;
			productName = FirebaseCore;
		};
		A9AF60F02CC6F5570015B62A /* FirebaseAuth */ = {
			isa = XCSwiftPackageProductDependency;
			package = A9AF60EC2CC6F5440015B62A /* XCRemoteSwiftPackageReference "firebase-ios-sdk" */;
			productName = FirebaseAuth;
		};
		A9AF60F22CC6F56D0015B62A /* FirebaseDatabase */ = {
			isa = XCSwiftPackageProductDependency;
			package = A9AF60EC2CC6F5440015B62A /* XCRemoteSwiftPackageReference "firebase-ios-sdk" */;
			productName = FirebaseDatabase;
		};
		A9AF60F42CC6F56D0015B62A /* FirebaseFunctions */ = {
			isa = XCSwiftPackageProductDependency;
			package = A9AF60EC2CC6F5440015B62A /* XCRemoteSwiftPackageReference "firebase-ios-sdk" */;
			productName = FirebaseFunctions;
		};
		A9AF60F62CC6F56D0015B62A /* FirebaseMessaging */ = {
			isa = XCSwiftPackageProductDependency;
			package = A9AF60EC2CC6F5440015B62A /* XCRemoteSwiftPackageReference "firebase-ios-sdk" */;
			productName = FirebaseMessaging;
		};
		A9AF60F82CC6F56D0015B62A /* FirebaseStorage */ = {
			isa = XCSwiftPackageProductDependency;
			package = A9AF60EC2CC6F5440015B62A /* XCRemoteSwiftPackageReference "firebase-ios-sdk" */;
			productName = FirebaseStorage;
		};
		A9AF60FA2CC6F5780015B62A /* FirebaseInstallations */ = {
			isa = XCSwiftPackageProductDependency;
			package = A9AF60EC2CC6F5440015B62A /* XCRemoteSwiftPackageReference "firebase-ios-sdk" */;
			productName = FirebaseInstallations;
		};
		A9AF60FC2CC6F5780015B62A /* FirebaseRemoteConfig */ = {
			isa = XCSwiftPackageProductDependency;
			package = A9AF60EC2CC6F5440015B62A /* XCRemoteSwiftPackageReference "firebase-ios-sdk" */;
			productName = FirebaseRemoteConfig;
		};
/* End XCSwiftPackageProductDependency section */
	};
	rootObject = A9AF60C82CC6F3880015B62A /* Project object */;
}
